<Solution>
  <Folder Name="/src/Aspire/">
    <Project Path="src/Aspire/OnVoyage.AppHost/OnVoyage.AppHost.csproj" />
    <Project Path="src/Aspire/OnVoyage.ServiceDefaults/OnVoyage.ServiceDefaults.csproj" />
  </Folder>
  <Folder Name="/src/Gateway/">
    <Project Path="src/Gateway/OnVoyage.Gateway/OnVoyage.Gateway.csproj" />
  </Folder>
  <Folder Name="/src/Services/Platform/">
    <Project Path="src/Services/Platform/OnVoyage.Platform.Api/OnVoyage.Platform.Api.csproj" />
    <Project Path="src/Services/Platform/OnVoyage.Platform.Application/OnVoyage.Platform.Application.csproj" />
    <Project Path="src/Services/Platform/OnVoyage.Platform.Contracts/OnVoyage.Platform.Contracts.csproj" />
    <Project Path="src/Services/Platform/OnVoyage.Platform.Domain/OnVoyage.Platform.Domain.csproj" />
    <Project Path="src/Services/Platform/OnVoyage.Platform.Infrastructure/OnVoyage.Platform.Infrastructure.csproj" />
  </Folder>
  <Folder Name="/src/Services/Factory/">
    <Project Path="src/Services/Factory/OnVoyage.Factory.Api/OnVoyage.Factory.Api.csproj" />
    <Project Path="src/Services/Factory/OnVoyage.Factory.Application/OnVoyage.Factory.Application.csproj" />
    <Project Path="src/Services/Factory/OnVoyage.Factory.Contracts/OnVoyage.Factory.Contracts.csproj" />
    <Project Path="src/Services/Factory/OnVoyage.Factory.Domain/OnVoyage.Factory.Domain.csproj" />
    <Project Path="src/Services/Factory/OnVoyage.Factory.Infrastructure/OnVoyage.Factory.Infrastructure.csproj" />
    <Project Path="src/Services/Factory/OnVoyage.Factory.Worker/OnVoyage.Factory.Worker.csproj" />
  </Folder>
  <Folder Name="/src/Services/Catalog/">
    <Project Path="src/Services/Catalog/OnVoyage.Catalog.Api/OnVoyage.Catalog.Api.csproj" />
    <Project Path="src/Services/Catalog/OnVoyage.Catalog.Application/OnVoyage.Catalog.Application.csproj" />
    <Project Path="src/Services/Catalog/OnVoyage.Catalog.Contracts/OnVoyage.Catalog.Contracts.csproj" />
    <Project Path="src/Services/Catalog/OnVoyage.Catalog.Domain/OnVoyage.Catalog.Domain.csproj" />
    <Project Path="src/Services/Catalog/OnVoyage.Catalog.Infrastructure/OnVoyage.Catalog.Infrastructure.csproj" />
  </Folder>
  <Folder Name="/src/Services/Discovery/">
    <Project Path="src/Services/Discovery/OnVoyage.Discovery.Api/OnVoyage.Discovery.Api.csproj" />
    <Project Path="src/Services/Discovery/OnVoyage.Discovery.Application/OnVoyage.Discovery.Application.csproj" />
    <Project Path="src/Services/Discovery/OnVoyage.Discovery.Contracts/OnVoyage.Discovery.Contracts.csproj" />
    <Project Path="src/Services/Discovery/OnVoyage.Discovery.Domain/OnVoyage.Discovery.Domain.csproj" />
    <Project Path="src/Services/Discovery/OnVoyage.Discovery.Infrastructure/OnVoyage.Discovery.Infrastructure.csproj" />
  </Folder>
  <Folder Name="/src/Services/Insights/">
    <Project Path="src/Services/Insights/OnVoyage.Insights.Api/OnVoyage.Insights.Api.csproj" />
    <Project Path="src/Services/Insights/OnVoyage.Insights.Application/OnVoyage.Insights.Application.csproj" />
    <Project Path="src/Services/Insights/OnVoyage.Insights.Contracts/OnVoyage.Insights.Contracts.csproj" />
    <Project Path="src/Services/Insights/OnVoyage.Insights.Domain/OnVoyage.Insights.Domain.csproj" />
    <Project Path="src/Services/Insights/OnVoyage.Insights.Infrastructure/OnVoyage.Insights.Infrastructure.csproj" />
  </Folder>
  <Folder Name="/src/Shared/">
    <Project Path="src/Shared/OnVoyage.Messaging/OnVoyage.Messaging.csproj" />
    <Project Path="src/Shared/OnVoyage.Recommendation.Engine/OnVoyage.Recommendation.Engine.csproj" />
    <Project Path="src/Shared/OnVoyage.Taxonomy/OnVoyage.Taxonomy.csproj" />
  </Folder>
  <Folder Name="/src/Web/">
    <Project Path="src/Web/OnVoyage.UI.Components/OnVoyage.UI.Components.csproj" />
    <Project Path="src/Web/OnVoyage.Web.Pwa/OnVoyage.Web.Pwa.csproj" />
    <Project Path="src/Web/OnVoyage.Web.Admin/OnVoyage.Web.Admin.csproj" />
  </Folder>
  <Folder Name="/src/Mobile/">
    <Project Path="src/Mobile/OnVoyage.App.Core/OnVoyage.App.Core.csproj" />
    <Project Path="src/Mobile/OnVoyage.App.Infrastructure/OnVoyage.App.Infrastructure.csproj" />
    <Project Path="src/Mobile/OnVoyage.App.LocalData/OnVoyage.App.LocalData.csproj" />
  </Folder>
  <Folder Name="/tests/">
    <Project Path="tests/OnVoyage.App.Core.Tests/OnVoyage.App.Core.Tests.csproj" />
    <Project Path="tests/OnVoyage.App.Infrastructure.Tests/OnVoyage.App.Infrastructure.Tests.csproj" />
    <Project Path="tests/OnVoyage.App.LocalData.Tests/OnVoyage.App.LocalData.Tests.csproj" />
    <Project Path="tests/OnVoyage.ArchitectureTests/OnVoyage.ArchitectureTests.csproj" />
    <Project Path="tests/OnVoyage.Gateway.Tests/OnVoyage.Gateway.Tests.csproj" />
    <Project Path="tests/OnVoyage.TestInfrastructure/OnVoyage.TestInfrastructure.csproj" />
    <Project Path="tests/OnVoyage.Recommendation.Engine.Tests/OnVoyage.Recommendation.Engine.Tests.csproj" />
    <Project Path="tests/OnVoyage.UI.Components.Tests/OnVoyage.UI.Components.Tests.csproj" />
    <Project Path="tests/OnVoyage.Web.Admin.Tests/OnVoyage.Web.Admin.Tests.csproj" />
  </Folder>
  <Folder Name="/tests/Services/">
    <Project Path="tests/Services/Catalog.IntegrationTests/Catalog.IntegrationTests.csproj" />
    <Project Path="tests/Services/Catalog.UnitTests/Catalog.UnitTests.csproj" />
    <Project Path="tests/Services/Discovery.IntegrationTests/Discovery.IntegrationTests.csproj" />
    <Project Path="tests/Services/Discovery.UnitTests/Discovery.UnitTests.csproj" />
    <Project Path="tests/Services/Factory.UnitTests/Factory.UnitTests.csproj" />
    <Project Path="tests/Services/Insights.IntegrationTests/Insights.IntegrationTests.csproj" />
    <Project Path="tests/Services/Insights.UnitTests/Insights.UnitTests.csproj" />
    <Project Path="tests/Services/Platform.IntegrationTests/Platform.IntegrationTests.csproj" />
    <Project Path="tests/Services/Platform.UnitTests/Platform.UnitTests.csproj" />
  </Folder>
</Solution>
